
Microsoft Visual Studio Solution File, Format Version 12.00
# Visual Studio Version 17
VisualStudioVersion = 17.5.33502.453
MinimumVisualStudioVersion = 10.0.40219.1
Project("{9A19103F-16F7-4668-BE54-9A1E7A4F7556}") = "AvaliacaoFC.Api", "AvaliacaoFC.api\AvaliacaoFC.Api.csproj", "{A2C9B558-B92F-4D11-8066-13BBE6656D96}"
EndProject
Project("{9A19103F-16F7-4668-BE54-9A1E7A4F7556}") = "AvaliacaoFC.Nucleo", "AvaliacaoFC.nucleo\AvaliacaoFC.Nucleo.csproj", "{9A09838B-1836-4332-A8B2-AE209B67FCDE}"
EndProject
Global
	GlobalSection(SolutionConfigurationPlatforms) = preSolution
		Debug|Any CPU = Debug|Any CPU
		Release|Any CPU = Release|Any CPU
	EndGlobalSection
	GlobalSection(ProjectConfigurationPlatforms) = postSolution
		{A2C9B558-B92F-4D11-8066-13BBE6656D96}.Debug|Any CPU.ActiveCfg = Debug|Any CPU
		{A2C9B558-B92F-4D11-8066-13BBE6656D96}.Debug|Any CPU.Build.0 = Debug|Any CPU
		{A2C9B558-B92F-4D11-8066-13BBE6656D96}.Release|Any CPU.ActiveCfg = Release|Any CPU
		{A2C9B558-B92F-4D11-8066-13BBE6656D96}.Release|Any CPU.Build.0 = Release|Any CPU
		{9A09838B-1836-4332-A8B2-AE209B67FCDE}.Debug|Any CPU.ActiveCfg = Debug|Any CPU
		{9A09838B-1836-4332-A8B2-AE209B67FCDE}.Debug|Any CPU.Build.0 = Debug|Any CPU
		{9A09838B-1836-4332-A8B2-AE209B67FCDE}.Release|Any CPU.ActiveCfg = Release|Any CPU
		{9A09838B-1836-4332-A8B2-AE209B67FCDE}.Release|Any CPU.Build.0 = Release|Any CPU
	EndGlobalSection
	GlobalSection(SolutionProperties) = preSolution
		HideSolutionNode = FALSE
	EndGlobalSection
	GlobalSection(ExtensibilityGlobals) = postSolution
		SolutionGuid = {66913604-FD50-449C-BDEE-96EDFDDECAD2}
	EndGlobalSection
EndGlobal
